
Microsoft Visual Studio Solution File, Format Version 12.00
# Visual Studio Version 16
VisualStudioVersion = 16.0.30002.166
MinimumVisualStudioVersion = 10.0.40219.1
Project("{FAE04EC0-301F-11D3-BF4B-00C04F79EFBC}") = "ProxyDesignPattern", "ProxyDesignPattern\ProxyDesignPattern.csproj", "{2AF60D10-E296-494B-A931-AA7D8AB813AE}"
EndProject
Global
	GlobalSection(SolutionConfigurationPlatforms) = preSolution
		Debug|Any CPU = Debug|Any CPU
		Release|Any CPU = Release|Any CPU
	EndGlobalSection
	GlobalSection(ProjectConfigurationPlatforms) = postSolution
		{2AF60D10-E296-494B-A931-AA7D8AB813AE}.Debug|Any CPU.ActiveCfg = Debug|Any CPU
		{2AF60D10-E296-494B-A931-AA7D8AB813AE}.Debug|Any CPU.Build.0 = Debug|Any CPU
		{2AF60D10-E296-494B-A931-AA7D8AB813AE}.Release|Any CPU.ActiveCfg = Release|Any CPU
		{2AF60D10-E296-494B-A931-AA7D8AB813AE}.Release|Any CPU.Build.0 = Release|Any CPU
	EndGlobalSection
	GlobalSection(SolutionProperties) = preSolution
		HideSolutionNode = FALSE
	EndGlobalSection
	GlobalSection(ExtensibilityGlobals) = postSolution
		SolutionGuid = {FEDE46B6-186D-47E8-AB66-6EDDB7553C08}
	EndGlobalSection
EndGlobal
